
Microsoft Visual Studio Solution File, Format Version 12.00
# Visual Studio Version 16
VisualStudioVersion = 16.0.31624.102
MinimumVisualStudioVersion = 10.0.40219.1
Project("{FAE04EC0-301F-11D3-BF4B-00C04F79EFBC}") = "Lection14", "Lection14\Lection14.csproj", "{3BBAC28D-7B2D-4E7C-B058-3C778BD67F79}"
EndProject
Project("{FAE04EC0-301F-11D3-BF4B-00C04F79EFBC}") = "Game", "Game\Game.csproj", "{80D626D7-0FA9-42D8-88E3-A827008070EB}"
EndProject
Project("{FAE04EC0-301F-11D3-BF4B-00C04F79EFBC}") = "SnakeLibrary", "SnakeLibrary\SnakeLibrary.csproj", "{A150E26B-498B-489D-963A-3239169DDAF6}"
EndProject
Project("{FAE04EC0-301F-11D3-BF4B-00C04F79EFBC}") = "SnakeConsole", "SnakeConsole\SnakeConsole.csproj", "{384F32F5-AA93-488D-A6E0-14F188F8068B}"
EndProject
Global
	GlobalSection(SolutionConfigurationPlatforms) = preSolution
		Debug|Any CPU = Debug|Any CPU
		Release|Any CPU = Release|Any CPU
	EndGlobalSection
	GlobalSection(ProjectConfigurationPlatforms) = postSolution
		{3BBAC28D-7B2D-4E7C-B058-3C778BD67F79}.Debug|Any CPU.ActiveCfg = Debug|Any CPU
		{3BBAC28D-7B2D-4E7C-B058-3C778BD67F79}.Debug|Any CPU.Build.0 = Debug|Any CPU
		{3BBAC28D-7B2D-4E7C-B058-3C778BD67F79}.Release|Any CPU.ActiveCfg = Release|Any CPU
		{3BBAC28D-7B2D-4E7C-B058-3C778BD67F79}.Release|Any CPU.Build.0 = Release|Any CPU
		{80D626D7-0FA9-42D8-88E3-A827008070EB}.Debug|Any CPU.ActiveCfg = Debug|Any CPU
		{80D626D7-0FA9-42D8-88E3-A827008070EB}.Debug|Any CPU.Build.0 = Debug|Any CPU
		{80D626D7-0FA9-42D8-88E3-A827008070EB}.Release|Any CPU.ActiveCfg = Release|Any CPU
		{80D626D7-0FA9-42D8-88E3-A827008070EB}.Release|Any CPU.Build.0 = Release|Any CPU
		{A150E26B-498B-489D-963A-3239169DDAF6}.Debug|Any CPU.ActiveCfg = Debug|Any CPU
		{A150E26B-498B-489D-963A-3239169DDAF6}.Debug|Any CPU.Build.0 = Debug|Any CPU
		{A150E26B-498B-489D-963A-3239169DDAF6}.Release|Any CPU.ActiveCfg = Release|Any CPU
		{A150E26B-498B-489D-963A-3239169DDAF6}.Release|Any CPU.Build.0 = Release|Any CPU
		{384F32F5-AA93-488D-A6E0-14F188F8068B}.Debug|Any CPU.ActiveCfg = Debug|Any CPU
		{384F32F5-AA93-488D-A6E0-14F188F8068B}.Debug|Any CPU.Build.0 = Debug|Any CPU
		{384F32F5-AA93-488D-A6E0-14F188F8068B}.Release|Any CPU.ActiveCfg = Release|Any CPU
		{384F32F5-AA93-488D-A6E0-14F188F8068B}.Release|Any CPU.Build.0 = Release|Any CPU
	EndGlobalSection
	GlobalSection(SolutionProperties) = preSolution
		HideSolutionNode = FALSE
	EndGlobalSection
	GlobalSection(ExtensibilityGlobals) = postSolution
		SolutionGuid = {8CA6D198-CA0C-4668-9D3E-C166EBA00C11}
	EndGlobalSection
EndGlobal
